
Microsoft Visual Studio Solution File, Format Version 12.00
# Visual Studio 2012
Project("{FAE04EC0-301F-11D3-BF4B-00C04F79EFBC}") = "cezar", "cezar\cezar.csproj", "{867104FB-86D9-4528-9D86-5BE81290D58C}"
EndProject
Global
	GlobalSection(SolutionConfigurationPlatforms) = preSolution
		Debug|Any CPU = Debug|Any CPU
		Release|Any CPU = Release|Any CPU
	EndGlobalSection
	GlobalSection(ProjectConfigurationPlatforms) = postSolution
		{867104FB-86D9-4528-9D86-5BE81290D58C}.Debug|Any CPU.ActiveCfg = Debug|Any CPU
		{867104FB-86D9-4528-9D86-5BE81290D58C}.Debug|Any CPU.Build.0 = Debug|Any CPU
		{867104FB-86D9-4528-9D86-5BE81290D58C}.Release|Any CPU.ActiveCfg = Release|Any CPU
		{867104FB-86D9-4528-9D86-5BE81290D58C}.Release|Any CPU.Build.0 = Release|Any CPU
	EndGlobalSection
	GlobalSection(SolutionProperties) = preSolution
		HideSolutionNode = FALSE
	EndGlobalSection
EndGlobal
